
Microsoft Visual Studio Solution File, Format Version 12.00
# Visual Studio 15
VisualStudioVersion = 15.0.28307.1267
MinimumVisualStudioVersion = 10.0.40219.1
Project("{B1E792BE-AA5F-4E3C-8C82-674BF9C0715B}") = "Building 1.5 Totes", "Building 1.5 Totes\Building 1.5 Totes.tsproj", "{E877F035-030B-4581-87B2-77F141422BE0}"
EndProject
Global
	GlobalSection(SolutionConfigurationPlatforms) = preSolution
		Debug|TwinCAT CE7 (ARMV7) = Debug|TwinCAT CE7 (ARMV7)
		Debug|TwinCAT OS (ARMT2) = Debug|TwinCAT OS (ARMT2)
		Debug|TwinCAT RT (x64) = Debug|TwinCAT RT (x64)
		Debug|TwinCAT RT (x86) = Debug|TwinCAT RT (x86)
		Release|TwinCAT CE7 (ARMV7) = Release|TwinCAT CE7 (ARMV7)
		Release|TwinCAT OS (ARMT2) = Release|TwinCAT OS (ARMT2)
		Release|TwinCAT RT (x64) = Release|TwinCAT RT (x64)
		Release|TwinCAT RT (x86) = Release|TwinCAT RT (x86)
	EndGlobalSection
	GlobalSection(ProjectConfigurationPlatforms) = postSolution
		{E877F035-030B-4581-87B2-77F141422BE0}.Debug|TwinCAT CE7 (ARMV7).ActiveCfg = Debug|TwinCAT CE7 (ARMV7)
		{E877F035-030B-4581-87B2-77F141422BE0}.Debug|TwinCAT CE7 (ARMV7).Build.0 = Debug|TwinCAT CE7 (ARMV7)
		{E877F035-030B-4581-87B2-77F141422BE0}.Debug|TwinCAT OS (ARMT2).ActiveCfg = Debug|TwinCAT OS (ARMT2)
		{E877F035-030B-4581-87B2-77F141422BE0}.Debug|TwinCAT OS (ARMT2).Build.0 = Debug|TwinCAT OS (ARMT2)
		{E877F035-030B-4581-87B2-77F141422BE0}.Debug|TwinCAT RT (x64).ActiveCfg = Debug|TwinCAT RT (x64)
		{E877F035-030B-4581-87B2-77F141422BE0}.Debug|TwinCAT RT (x64).Build.0 = Debug|TwinCAT RT (x64)
		{E877F035-030B-4581-87B2-77F141422BE0}.Debug|TwinCAT RT (x86).ActiveCfg = Debug|TwinCAT RT (x86)
		{E877F035-030B-4581-87B2-77F141422BE0}.Debug|TwinCAT RT (x86).Build.0 = Debug|TwinCAT RT (x86)
		{E877F035-030B-4581-87B2-77F141422BE0}.Release|TwinCAT CE7 (ARMV7).ActiveCfg = Release|TwinCAT CE7 (ARMV7)
		{E877F035-030B-4581-87B2-77F141422BE0}.Release|TwinCAT CE7 (ARMV7).Build.0 = Release|TwinCAT CE7 (ARMV7)
		{E877F035-030B-4581-87B2-77F141422BE0}.Release|TwinCAT OS (ARMT2).ActiveCfg = Release|TwinCAT OS (ARMT2)
		{E877F035-030B-4581-87B2-77F141422BE0}.Release|TwinCAT OS (ARMT2).Build.0 = Release|TwinCAT OS (ARMT2)
		{E877F035-030B-4581-87B2-77F141422BE0}.Release|TwinCAT RT (x64).ActiveCfg = Release|TwinCAT RT (x64)
		{E877F035-030B-4581-87B2-77F141422BE0}.Release|TwinCAT RT (x64).Build.0 = Release|TwinCAT RT (x64)
		{E877F035-030B-4581-87B2-77F141422BE0}.Release|TwinCAT RT (x86).ActiveCfg = Release|TwinCAT RT (x86)
		{E877F035-030B-4581-87B2-77F141422BE0}.Release|TwinCAT RT (x86).Build.0 = Release|TwinCAT RT (x86)
		{C0616027-FF8E-43F6-867D-11FAFE1B833A}.Debug|TwinCAT CE7 (ARMV7).ActiveCfg = Debug|TwinCAT CE7 (ARMV7)
		{C0616027-FF8E-43F6-867D-11FAFE1B833A}.Debug|TwinCAT CE7 (ARMV7).Build.0 = Debug|TwinCAT CE7 (ARMV7)
		{C0616027-FF8E-43F6-867D-11FAFE1B833A}.Debug|TwinCAT OS (ARMT2).ActiveCfg = Debug|TwinCAT OS (ARMT2)
		{C0616027-FF8E-43F6-867D-11FAFE1B833A}.Debug|TwinCAT OS (ARMT2).Build.0 = Debug|TwinCAT OS (ARMT2)
		{C0616027-FF8E-43F6-867D-11FAFE1B833A}.Debug|TwinCAT RT (x64).ActiveCfg = Debug|TwinCAT RT (x64)
		{C0616027-FF8E-43F6-867D-11FAFE1B833A}.Debug|TwinCAT RT (x64).Build.0 = Debug|TwinCAT RT (x64)
		{C0616027-FF8E-43F6-867D-11FAFE1B833A}.Debug|TwinCAT RT (x86).ActiveCfg = Debug|TwinCAT RT (x86)
		{C0616027-FF8E-43F6-867D-11FAFE1B833A}.Debug|TwinCAT RT (x86).Build.0 = Debug|TwinCAT RT (x86)
		{C0616027-FF8E-43F6-867D-11FAFE1B833A}.Release|TwinCAT CE7 (ARMV7).ActiveCfg = Release|TwinCAT CE7 (ARMV7)
		{C0616027-FF8E-43F6-867D-11FAFE1B833A}.Release|TwinCAT CE7 (ARMV7).Build.0 = Release|TwinCAT CE7 (ARMV7)
		{C0616027-FF8E-43F6-867D-11FAFE1B833A}.Release|TwinCAT OS (ARMT2).ActiveCfg = Release|TwinCAT OS (ARMT2)
		{C0616027-FF8E-43F6-867D-11FAFE1B833A}.Release|TwinCAT OS (ARMT2).Build.0 = Release|TwinCAT OS (ARMT2)
		{C0616027-FF8E-43F6-867D-11FAFE1B833A}.Release|TwinCAT RT (x64).ActiveCfg = Release|TwinCAT RT (x64)
		{C0616027-FF8E-43F6-867D-11FAFE1B833A}.Release|TwinCAT RT (x64).Build.0 = Release|TwinCAT RT (x64)
		{C0616027-FF8E-43F6-867D-11FAFE1B833A}.Release|TwinCAT RT (x86).ActiveCfg = Release|TwinCAT RT (x86)
		{C0616027-FF8E-43F6-867D-11FAFE1B833A}.Release|TwinCAT RT (x86).Build.0 = Release|TwinCAT RT (x86)
		{73D6BB41-CE6E-4107-83C1-D7B3E7AD5099}.Debug|TwinCAT CE7 (ARMV7).ActiveCfg = Debug|TwinCAT CE7 (ARMV7)
		{73D6BB41-CE6E-4107-83C1-D7B3E7AD5099}.Debug|TwinCAT CE7 (ARMV7).Build.0 = Debug|TwinCAT CE7 (ARMV7)
		{73D6BB41-CE6E-4107-83C1-D7B3E7AD5099}.Debug|TwinCAT OS (ARMT2).ActiveCfg = Debug|TwinCAT OS (ARMT2)
		{73D6BB41-CE6E-4107-83C1-D7B3E7AD5099}.Debug|TwinCAT OS (ARMT2).Build.0 = Debug|TwinCAT OS (ARMT2)
		{73D6BB41-CE6E-4107-83C1-D7B3E7AD5099}.Debug|TwinCAT RT (x64).ActiveCfg = Debug|TwinCAT RT (x64)
		{73D6BB41-CE6E-4107-83C1-D7B3E7AD5099}.Debug|TwinCAT RT (x64).Build.0 = Debug|TwinCAT RT (x64)
		{73D6BB41-CE6E-4107-83C1-D7B3E7AD5099}.Debug|TwinCAT RT (x86).ActiveCfg = Debug|TwinCAT RT (x86)
		{73D6BB41-CE6E-4107-83C1-D7B3E7AD5099}.Debug|TwinCAT RT (x86).Build.0 = Debug|TwinCAT RT (x86)
		{73D6BB41-CE6E-4107-83C1-D7B3E7AD5099}.Release|TwinCAT CE7 (ARMV7).ActiveCfg = Release|TwinCAT CE7 (ARMV7)
		{73D6BB41-CE6E-4107-83C1-D7B3E7AD5099}.Release|TwinCAT CE7 (ARMV7).Build.0 = Release|TwinCAT CE7 (ARMV7)
		{73D6BB41-CE6E-4107-83C1-D7B3E7AD5099}.Release|TwinCAT OS (ARMT2).ActiveCfg = Release|TwinCAT OS (ARMT2)
		{73D6BB41-CE6E-4107-83C1-D7B3E7AD5099}.Release|TwinCAT OS (ARMT2).Build.0 = Release|TwinCAT OS (ARMT2)
		{73D6BB41-CE6E-4107-83C1-D7B3E7AD5099}.Release|TwinCAT RT (x64).ActiveCfg = Release|TwinCAT RT (x64)
		{73D6BB41-CE6E-4107-83C1-D7B3E7AD5099}.Release|TwinCAT RT (x64).Build.0 = Release|TwinCAT RT (x64)
		{73D6BB41-CE6E-4107-83C1-D7B3E7AD5099}.Release|TwinCAT RT (x86).ActiveCfg = Release|TwinCAT RT (x86)
		{73D6BB41-CE6E-4107-83C1-D7B3E7AD5099}.Release|TwinCAT RT (x86).Build.0 = Release|TwinCAT RT (x86)
	EndGlobalSection
	GlobalSection(SolutionProperties) = preSolution
		HideSolutionNode = FALSE
	EndGlobalSection
	GlobalSection(ExtensibilityGlobals) = postSolution
		SolutionGuid = {4BA0F6E5-7A07-448A-983E-1140C2ECC40F}
	EndGlobalSection
EndGlobal
